{
  "name": "roleweave",
  "version": "0.0.0",
  "lockfileVersion": 3,
  "requires": true,
  "packages": {
    "": {
      "name": "roleweave",
      "version": "0.0.0",
      "devDependencies": {
        "code-pact": "2.8.0"
      },
      "engines": {
        "node": ">=24.18.0 <25"
      }
    },
    "node_modules/code-pact": {
      "version": "2.8.0",
      "resolved": "https://registry.npmjs.org/code-pact/-/code-pact-2.8.0.tgz",
      "integrity": "sha512-l/S/lgBm6GcTTWpCEjHlbwED/8vCxIfDOzqAYMu/c8SqBHZ7RdcMVWdkZkOTftFSIBmqYxldvMgaDEK5jOgFyA==",
      "dev": true,
      "license": "MIT",
      "dependencies": {
        "yaml": "^2.9.0",
        "zod": "^4.4.3"
      },
      "bin": {
        "code-pact": "dist/cli.js"
      },
      "engines": {
        "node": ">=22"
      }
    },
    "node_modules/yaml": {
      "version": "2.9.0",
      "resolved": "https://registry.npmjs.org/yaml/-/yaml-2.9.0.tgz",
      "integrity": "sha512-2AvhNX3mb8zd6Zy7INTtSpl1F15HW6Wnqj0srWlkKLcpYl/gMIMJiyuGq2KeI2YFxUPjdlB+3Lc10seMLtL4cA==",
      "dev": true,
      "license": "ISC",
      "bin": {
        "yaml": "bin.mjs"
      },
      "engines": {
        "node": ">= 14.6"
      },
      "funding": {
        "url": "https://github.com/sponsors/eemeli"
      }
    },
    "node_modules/zod": {
      "version": "4.4.3",
      "resolved": "https://registry.npmjs.org/zod/-/zod-4.4.3.tgz",
      "integrity": "sha512-ytENFjIJFl2UwYglde2jchW2Hwm4GJFLDiSXWdTrJQBIN9Fcyp7n4DhxJEiWNAJMV1/BqWfW/kkg71UDcHJyTQ==",
      "dev": true,
      "license": "MIT",
      "funding": {
        "url": "https://github.com/sponsors/colinhacks"
      }
    }
  }
}
